
Microsoft Visual Studio Solution File, Format Version 12.00
# Visual Studio Version 17
VisualStudioVersion = 17.9.34728.123
MinimumVisualStudioVersion = 10.0.40219.1
Project("{FAE04EC0-301F-11D3-BF4B-00C04F79EFBC}") = "Perpus", "Perpus\Perpus.csproj", "{7D21A67D-3769-468F-841B-75C6EAA64E2A}"
EndProject
Global
	GlobalSection(SolutionConfigurationPlatforms) = preSolution
		Debug|Any CPU = Debug|Any CPU
		Release|Any CPU = Release|Any CPU
	EndGlobalSection
	GlobalSection(ProjectConfigurationPlatforms) = postSolution
		{7D21A67D-3769-468F-841B-75C6EAA64E2A}.Debug|Any CPU.ActiveCfg = Debug|Any CPU
		{7D21A67D-3769-468F-841B-75C6EAA64E2A}.Debug|Any CPU.Build.0 = Debug|Any CPU
		{7D21A67D-3769-468F-841B-75C6EAA64E2A}.Release|Any CPU.ActiveCfg = Release|Any CPU
		{7D21A67D-3769-468F-841B-75C6EAA64E2A}.Release|Any CPU.Build.0 = Release|Any CPU
	EndGlobalSection
	GlobalSection(SolutionProperties) = preSolution
		HideSolutionNode = FALSE
	EndGlobalSection
	GlobalSection(ExtensibilityGlobals) = postSolution
		SolutionGuid = {38920329-6D65-4E36-94CC-6F4F4A8F8F61}
	EndGlobalSection
EndGlobal
